// !$*UTF8*$!
{
	archiveVersion = 1;
	classes = {
	};
	objectVersion = 46;
	objects = {

/* Begin PBXBuildFile section */
		20A229B61EFB22C3009FDA4C /* MovieCell.swift in Sources */ = {isa = PBXBuildFile; fileRef = 20A229B51EFB22C3009FDA4C /* MovieCell.swift */; };
		20C53D9B1EFB39C600DB7581 /* DetailedViewController.swift in Sources */ = {isa = PBXBuildFile; fileRef = 20C53D9A1EFB39C600DB7581 /* DetailedViewController.swift */; };
		20F4E3661EFB1A9D007C2D1F /* AppDelegate.swift in Sources */ = {isa = PBXBuildFile; fileRef = 20F4E3651EFB1A9D007C2D1F /* AppDelegate.swift */; };
		20F4E3681EFB1A9D007C2D1F /* MoviesViewController.swift in Sources */ = {isa = PBXBuildFile; fileRef = 20F4E3671EFB1A9D007C2D1F /* MoviesViewController.swift */; };
		20F4E36B1EFB1A9D007C2D1F /* Main.storyboard in Resources */ = {isa = PBXBuildFile; fileRef = 20F4E3691EFB1A9D007C2D1F /* Main.storyboard */; };
		20F4E36D1EFB1A9D007C2D1F /* Assets.xcassets in Resources */ = {isa = PBXBuildFile; fileRef = 20F4E36C1EFB1A9D007C2D1F /* Assets.xcassets */; };
		20F4E3701EFB1A9D007C2D1F /* LaunchScreen.storyboard in Resources */ = {isa = PBXBuildFile; fileRef = 20F4E36E1EFB1A9D007C2D1F /* LaunchScreen.storyboard */; };
		20F4E37B1EFB1A9D007C2D1F /* FlixTests.swift in Sources */ = {isa = PBXBuildFile; fileRef = 20F4E37A1EFB1A9D007C2D1F /* FlixTests.swift */; };
		20F4E3861EFB1A9D007C2D1F /* FlixUITests.swift in Sources */ = {isa = PBXBuildFile; fileRef = 20F4E3851EFB1A9D007C2D1F /* FlixUITests.swift */; };
		A925842CA7BB3B563FAA1637 /* Pods_Flix.framework in Frameworks */ = {isa = PBXBuildFile; fileRef = D0C326241ED6D62C7AEB70D9 /* Pods_Flix.framework */; };
/* End PBXBuildFile section */

/* Begin PBXContainerItemProxy section */
		20F4E3771EFB1A9D007C2D1F /* PBXContainerItemProxy */ = {
			isa = PBXContainerItemProxy;
			containerPortal = 20F4E35A1EFB1A9D007C2D1F /* Project object */;
			proxyType = 1;
			remoteGlobalIDString = 20F4E3611EFB1A9D007C2D1F;
			remoteInfo = Flix;
		};
		20F4E3821EFB1A9D007C2D1F /* PBXContainerItemProxy */ = {
			isa = PBXContainerItemProxy;
			containerPortal = 20F4E35A1EFB1A9D007C2D1F /* Project object */;
			proxyType = 1;
			remoteGlobalIDString = 20F4E3611EFB1A9D007C2D1F;
			remoteInfo = Flix;
		};
/* End PBXContainerItemProxy section */

/* Begin PBXFileReference section */
		20A229B51EFB22C3009FDA4C /* MovieCell.swift */ = {isa = PBXFileReference; fileEncoding = 4; lastKnownFileType = sourcecode.swift; path = MovieCell.swift; sourceTree = "<group>"; };
		20C53D9A1EFB39C600DB7581 /* DetailedViewController.swift */ = {isa = PBXFileReference; fileEncoding = 4; lastKnownFileType = sourcecode.swift; path = DetailedViewController.swift; sourceTree = "<group>"; };
		20F4E3621EFB1A9D007C2D1F /* Flix.app */ = {isa = PBXFileReference; explicitFileType = wrapper.application; includeInIndex = 0; path = Flix.app; sourceTree = BUILT_PRODUCTS_DIR; };
		20F4E3651EFB1A9D007C2D1F /* AppDelegate.swift */ = {isa = PBXFileReference; lastKnownFileType = sourcecode.swift; path = AppDelegate.swift; sourceTree = "<group>"; };
		20F4E3671EFB1A9D007C2D1F /* MoviesViewController.swift */ = {isa = PBXFileReference; lastKnownFileType = sourcecode.swift; path = MoviesViewController.swift; sourceTree = "<group>"; };
		20F4E36A1EFB1A9D007C2D1F /* Base */ = {isa = PBXFileReference; lastKnownFileType = file.storyboard; name = Base; path = Base.lproj/Main.storyboard; sourceTree = "<group>"; };
		20F4E36C1EFB1A9D007C2D1F /* Assets.xcassets */ = {isa = PBXFileReference; lastKnownFileType = folder.assetcatalog; path = Assets.xcassets; sourceTree = "<group>"; };
		20F4E36F1EFB1A9D007C2D1F /* Base */ = {isa = PBXFileReference; lastKnownFileType = file.storyboard; name = Base; path = Base.lproj/LaunchScreen.storyboard; sourceTree = "<group>"; };
		20F4E3711EFB1A9D007C2D1F /* Info.plist */ = {isa = PBXFileReference; lastKnownFileType = text.plist.xml; path = Info.plist; sourceTree = "<group>"; };
		20F4E3761EFB1A9D007C2D1F /* FlixTests.xctest */ = {isa = PBXFileReference; explicitFileType = wrapper.cfbundle; includeInIndex = 0; path = FlixTests.xctest; sourceTree = BUILT_PRODUCTS_DIR; };
		20F4E37A1EFB1A9D007C2D1F /* FlixTests.swift */ = {isa = PBXFileReference; lastKnownFileType = sourcecode.swift; path = FlixTests.swift; sourceTree = "<group>"; };
		20F4E37C1EFB1A9D007C2D1F /* Info.plist */ = {isa = PBXFileReference; lastKnownFileType = text.plist.xml; path = Info.plist; sourceTree = "<group>"; };
		20F4E3811EFB1A9D007C2D1F /* FlixUITests.xctest */ = {isa = PBXFileReference; explicitFileType = wrapper.cfbundle; includeInIndex = 0; path = FlixUITests.xctest; sourceTree = BUILT_PRODUCTS_DIR; };
		20F4E3851EFB1A9D007C2D1F /* FlixUITests.swift */ = {isa = PBXFileReference; lastKnownFileType = sourcecode.swift; path = FlixUITests.swift; sourceTree = "<group>"; };
		20F4E3871EFB1A9D007C2D1F /* Info.plist */ = {isa = PBXFileReference; lastKnownFileType = text.plist.xml; path = Info.plist; sourceTree = "<group>"; };
		267124393918A604019AB2B5 /* Pods-Flix.debug.xcconfig */ = {isa = PBXFileReference; includeInIndex = 1; lastKnownFileType = text.xcconfig; name = "Pods-Flix.debug.xcconfig"; path = "Pods/Target Support Files/Pods-Flix/Pods-Flix.debug.xcconfig"; sourceTree = "<group>"; };
		33A11208A56F03891FA64CBD /* Pods-Flix.release.xcconfig */ = {isa = PBXFileReference; includeInIndex = 1; lastKnownFileType = text.xcconfig; name = "Pods-Flix.release.xcconfig"; path = "Pods/Target Support Files/Pods-Flix/Pods-Flix.release.xcconfig"; sourceTree = "<group>"; };
		D0C326241ED6D62C7AEB70D9 /* Pods_Flix.framework */ = {isa = PBXFileReference; explicitFileType = wrapper.framework; includeInIndex = 0; path = Pods_Flix.framework; sourceTree = BUILT_PRODUCTS_DIR; };
/* End PBXFileReference section */

/* Begin PBXFrameworksBuildPhase section */
		20F4E35F1EFB1A9D007C2D1F /* Frameworks */ = {
			isa = PBXFrameworksBuildPhase;
			buildActionMask = 2147483647;
			files = (
				A925842CA7BB3B563FAA1637 /* Pods_Flix.framework in Frameworks */,
			);
			runOnlyForDeploymentPostprocessing = 0;
		};
		20F4E3731EFB1A9D007C2D1F /* Frameworks */ = {
			isa = PBXFrameworksBuildPhase;
			buildActionMask = 2147483647;
			files = (
			);
			runOnlyForDeploymentPostprocessing = 0;
		};
		20F4E37E1EFB1A9D007C2D1F /* Frameworks */ = {
			isa = PBXFrameworksBuildPhase;
			buildActionMask = 2147483647;
			files = (
			);
			runOnlyForDeploymentPostprocessing = 0;
		};
/* End PBXFrameworksBuildPhase section */

/* Begin PBXGroup section */
		20F4E3591EFB1A9D007C2D1F = {
			isa = PBXGroup;
			children = (
				20F4E3641EFB1A9D007C2D1F /* Flix */,
				20F4E3791EFB1A9D007C2D1F /* FlixTests */,
				20F4E3841EFB1A9D007C2D1F /* FlixUITests */,
				20F4E3631EFB1A9D007C2D1F /* Products */,
				20F66609FD2820A5CE05C85D /* Pods */,
				9139DF4A6554229F352BCD4B /* Frameworks */,
			);
			sourceTree = "<group>";
		};
		20F4E3631EFB1A9D007C2D1F /* Products */ = {
			isa = PBXGroup;
			children = (
				20F4E3621EFB1A9D007C2D1F /* Flix.app */,
				20F4E3761EFB1A9D007C2D1F /* FlixTests.xctest */,
				20F4E3811EFB1A9D007C2D1F /* FlixUITests.xctest */,
			);
			name = Products;
			sourceTree = "<group>";
		};
		20F4E3641EFB1A9D007C2D1F /* Flix */ = {
			isa = PBXGroup;
			children = (
				20F4E3651EFB1A9D007C2D1F /* AppDelegate.swift */,
				20F4E3671EFB1A9D007C2D1F /* MoviesViewController.swift */,
				20A229B51EFB22C3009FDA4C /* MovieCell.swift */,
				20F4E3691EFB1A9D007C2D1F /* Main.storyboard */,
				20C53D9A1EFB39C600DB7581 /* DetailedViewController.swift */,
				20F4E36C1EFB1A9D007C2D1F /* Assets.xcassets */,
				20F4E36E1EFB1A9D007C2D1F /* LaunchScreen.storyboard */,
				20F4E3711EFB1A9D007C2D1F /* Info.plist */,
			);
			path = Flix;
			sourceTree = "<group>";
		};
		20F4E3791EFB1A9D007C2D1F /* FlixTests */ = {
			isa = PBXGroup;
			children = (
				20F4E37A1EFB1A9D007C2D1F /* FlixTests.swift */,
				20F4E37C1EFB1A9D007C2D1F /* Info.plist */,
			);
			path = FlixTests;
			sourceTree = "<group>";
		};
		20F4E3841EFB1A9D007C2D1F /* FlixUITests */ = {
			isa = PBXGroup;
			children = (
				20F4E3851EFB1A9D007C2D1F /* FlixUITests.swift */,
				20F4E3871EFB1A9D007C2D1F /* Info.plist */,
			);
			path = FlixUITests;
			sourceTree = "<group>";
		};
		20F66609FD2820A5CE05C85D /* Pods */ = {
			isa = PBXGroup;
			children = (
				267124393918A604019AB2B5 /* Pods-Flix.debug.xcconfig */,
				33A11208A56F03891FA64CBD /* Pods-Flix.release.xcconfig */,
			);
			name = Pods;
			sourceTree = "<group>";
		};
		9139DF4A6554229F352BCD4B /* Frameworks */ = {
			isa = PBXGroup;
			children = (
				D0C326241ED6D62C7AEB70D9 /* Pods_Flix.framework */,
			);
			name = Frameworks;
			sourceTree = "<group>";
		};
/* End PBXGroup section */

/* Begin PBXNativeTarget section */
		20F4E3611EFB1A9D007C2D1F /* Flix */ = {
			isa = PBXNativeTarget;
			buildConfigurationList = 20F4E38A1EFB1A9D007C2D1F /* Build configuration list for PBXNativeTarget "Flix" */;
			buildPhases = (
				5993DDDCE889344EAF1A06EA /* [CP] Check Pods Manifest.lock */,
				20F4E35E1EFB1A9D007C2D1F /* Sources */,
				20F4E35F1EFB1A9D007C2D1F /* Frameworks */,
				20F4E3601EFB1A9D007C2D1F /* Resources */,
				869CD1F154B59FC7F6644CB2 /* [CP] Embed Pods Frameworks */,
				568871937490C67095D7C218 /* [CP] Copy Pods Resources */,
			);
			buildRules = (
			);
			dependencies = (
			);
			name = Flix;
			productName = Flix;
			productReference = 20F4E3621EFB1A9D007C2D1F /* Flix.app */;
			productType = "com.apple.product-type.application";
		};
		20F4E3751EFB1A9D007C2D1F /* FlixTests */ = {
			isa = PBXNativeTarget;
			buildConfigurationList = 20F4E38D1EFB1A9D007C2D1F /* Build configuration list for PBXNativeTarget "FlixTests" */;
			buildPhases = (
				20F4E3721EFB1A9D007C2D1F /* Sources */,
				20F4E3731EFB1A9D007C2D1F /* Frameworks */,
				20F4E3741EFB1A9D007C2D1F /* Resources */,
			);
			buildRules = (
			);
			dependencies = (
				20F4E3781EFB1A9D007C2D1F /* PBXTargetDependency */,
			);
			name = FlixTests;
			productName = FlixTests;
			productReference = 20F4E3761EFB1A9D007C2D1F /* FlixTests.xctest */;
			productType = "com.apple.product-type.bundle.unit-test";
		};
		20F4E3801EFB1A9D007C2D1F /* FlixUITests */ = {
			isa = PBXNativeTarget;
			buildConfigurationList = 20F4E3901EFB1A9D007C2D1F /* Build configuration list for PBXNativeTarget "FlixUITests" */;
			buildPhases = (
				20F4E37D1EFB1A9D007C2D1F /* Sources */,
				20F4E37E1EFB1A9D007C2D1F /* Frameworks */,
				20F4E37F1EFB1A9D007C2D1F /* Resources */,
			);
			buildRules = (
			);
			dependencies = (
				20F4E3831EFB1A9D007C2D1F /* PBXTargetDependency */,
			);
			name = FlixUITests;
			productName = FlixUITests;
			productReference = 20F4E3811EFB1A9D007C2D1F /* FlixUITests.xctest */;
			productType = "com.apple.product-type.bundle.ui-testing";
		};
/* End PBXNativeTarget section */

/* Begin PBXProject section */
		20F4E35A1EFB1A9D007C2D1F /* Project object */ = {
			isa = PBXProject;
			attributes = {
				LastSwiftUpdateCheck = 0830;
				LastUpgradeCheck = 0830;
				ORGANIZATIONNAME = "John Abreu";
				TargetAttributes = {
					20F4E3611EFB1A9D007C2D1F = {
						CreatedOnToolsVersion = 8.3.2;
						ProvisioningStyle = Automatic;
					};
					20F4E3751EFB1A9D007C2D1F = {
						CreatedOnToolsVersion = 8.3.2;
						ProvisioningStyle = Automatic;
						TestTargetID = 20F4E3611EFB1A9D007C2D1F;
					};
					20F4E3801EFB1A9D007C2D1F = {
						CreatedOnToolsVersion = 8.3.2;
						ProvisioningStyle = Automatic;
						TestTargetID = 20F4E3611EFB1A9D007C2D1F;
					};
				};
			};
			buildConfigurationList = 20F4E35D1EFB1A9D007C2D1F /* Build configuration list for PBXProject "Flix" */;
			compatibilityVersion = "Xcode 3.2";
			developmentRegion = English;
			hasScannedForEncodings = 0;
			knownRegions = (
				en,
				Base,
			);
			mainGroup = 20F4E3591EFB1A9D007C2D1F;
			productRefGroup = 20F4E3631EFB1A9D007C2D1F /* Products */;
			projectDirPath = "";
			projectRoot = "";
			targets = (
				20F4E3611EFB1A9D007C2D1F /* Flix */,
				20F4E3751EFB1A9D007C2D1F /* FlixTests */,
				20F4E3801EFB1A9D007C2D1F /* FlixUITests */,
			);
		};
/* End PBXProject section */

/* Begin PBXResourcesBuildPhase section */
		20F4E3601EFB1A9D007C2D1F /* Resources */ = {
			isa = PBXResourcesBuildPhase;
			buildActionMask = 2147483647;
			files = (
				20F4E3701EFB1A9D007C2D1F /* LaunchScreen.storyboard in Resources */,
				20F4E36D1EFB1A9D007C2D1F /* Assets.xcassets in Resources */,
				20F4E36B1EFB1A9D007C2D1F /* Main.storyboard in Resources */,
			);
			runOnlyForDeploymentPostprocessing = 0;
		};
		20F4E3741EFB1A9D007C2D1F /* Resources */ = {
			isa = PBXResourcesBuildPhase;
			buildActionMask = 2147483647;
			files = (
			);
			runOnlyForDeploymentPostprocessing = 0;
		};
		20F4E37F1EFB1A9D007C2D1F /* Resources */ = {
			isa = PBXResourcesBuildPhase;
			buildActionMask = 2147483647;
			files = (
			);
			runOnlyForDeploymentPostprocessing = 0;
		};
/* End PBXResourcesBuildPhase section */

/* Begin PBXShellScriptBuildPhase section */
		568871937490C67095D7C218 /* [CP] Copy Pods Resources */ = {
			isa = PBXShellScriptBuildPhase;
			buildActionMask = 2147483647;
			files = (
			);
			inputPaths = (
			);
			name = "[CP] Copy Pods Resources";
			outputPaths = (
			);
			runOnlyForDeploymentPostprocessing = 0;
			shellPath = /bin/sh;
			shellScript = "\"${SRCROOT}/Pods/Target Support Files/Pods-Flix/Pods-Flix-resources.sh\"\n";
			showEnvVarsInLog = 0;
		};
		5993DDDCE889344EAF1A06EA /* [CP] Check Pods Manifest.lock */ = {
			isa = PBXShellScriptBuildPhase;
			buildActionMask = 2147483647;
			files = (
			);
			inputPaths = (
			);
			name = "[CP] Check Pods Manifest.lock";
			outputPaths = (
			);
			runOnlyForDeploymentPostprocessing = 0;
			shellPath = /bin/sh;
			shellScript = "diff \"${PODS_PODFILE_DIR_PATH}/Podfile.lock\" \"${PODS_ROOT}/Manifest.lock\" > /dev/null\nif [ $? != 0 ] ; then\n    # print error to STDERR\n    echo \"error: The sandbox is not in sync with the Podfile.lock. Run 'pod install' or update your CocoaPods installation.\" >&2\n    exit 1\nfi\n";
			showEnvVarsInLog = 0;
		};
		869CD1F154B59FC7F6644CB2 /* [CP] Embed Pods Frameworks */ = {
			isa = PBXShellScriptBuildPhase;
			buildActionMask = 2147483647;
			files = (
			);
			inputPaths = (
			);
			name = "[CP] Embed Pods Frameworks";
			outputPaths = (
			);
			runOnlyForDeploymentPostprocessing = 0;
			shellPath = /bin/sh;
			shellScript = "\"${SRCROOT}/Pods/Target Support Files/Pods-Flix/Pods-Flix-frameworks.sh\"\n";
			showEnvVarsInLog = 0;
		};
/* End PBXShellScriptBuildPhase section */

/* Begin PBXSourcesBuildPhase section */
		20F4E35E1EFB1A9D007C2D1F /* Sources */ = {
			isa = PBXSourcesBuildPhase;
			buildActionMask = 2147483647;
			files = (
				20F4E3681EFB1A9D007C2D1F /* MoviesViewController.swift in Sources */,
				20A229B61EFB22C3009FDA4C /* MovieCell.swift in Sources */,
				20C53D9B1EFB39C600DB7581 /* DetailedViewController.swift in Sources */,
				20F4E3661EFB1A9D007C2D1F /* AppDelegate.swift in Sources */,
			);
			runOnlyForDeploymentPostprocessing = 0;
		};
		20F4E3721EFB1A9D007C2D1F /* Sources */ = {
			isa = PBXSourcesBuildPhase;
			buildActionMask = 2147483647;
			files = (
				20F4E37B1EFB1A9D007C2D1F /* FlixTests.swift in Sources */,
			);
			runOnlyForDeploymentPostprocessing = 0;
		};
		20F4E37D1EFB1A9D007C2D1F /* Sources */ = {
			isa = PBXSourcesBuildPhase;
			buildActionMask = 2147483647;
			files = (
				20F4E3861EFB1A9D007C2D1F /* FlixUITests.swift in Sources */,
			);
			runOnlyForDeploymentPostprocessing = 0;
		};
/* End PBXSourcesBuildPhase section */

/* Begin PBXTargetDependency section */
		20F4E3781EFB1A9D007C2D1F /* PBXTargetDependency */ = {
			isa = PBXTargetDependency;
			target = 20F4E3611EFB1A9D007C2D1F /* Flix */;
			targetProxy = 20F4E3771EFB1A9D007C2D1F /* PBXContainerItemProxy */;
		};
		20F4E3831EFB1A9D007C2D1F /* PBXTargetDependency */ = {
			isa = PBXTargetDependency;
			target = 20F4E3611EFB1A9D007C2D1F /* Flix */;
			targetProxy = 20F4E3821EFB1A9D007C2D1F /* PBXContainerItemProxy */;
		};
/* End PBXTargetDependency section */

/* Begin PBXVariantGroup section */
		20F4E3691EFB1A9D007C2D1F /* Main.storyboard */ = {
			isa = PBXVariantGroup;
			children = (
				20F4E36A1EFB1A9D007C2D1F /* Base */,
			);
			name = Main.storyboard;
			sourceTree = "<group>";
		};
		20F4E36E1EFB1A9D007C2D1F /* LaunchScreen.storyboard */ = {
			isa = PBXVariantGroup;
			children = (
				20F4E36F1EFB1A9D007C2D1F /* Base */,
			);
			name = LaunchScreen.storyboard;
			sourceTree = "<group>";
		};
/* End PBXVariantGroup section */

/* Begin XCBuildConfiguration section */
		20F4E3881EFB1A9D007C2D1F /* Debug */ = {
			isa = XCBuildConfiguration;
			buildSettings = {
				ALWAYS_SEARCH_USER_PATHS = NO;
				CLANG_ANALYZER_NONNULL = YES;
				CLANG_ANALYZER_NUMBER_OBJECT_CONVERSION = YES_AGGRESSIVE;
				CLANG_CXX_LANGUAGE_STANDARD = "gnu++0x";
				CLANG_CXX_LIBRARY = "libc++";
				CLANG_ENABLE_MODULES = YES;
				CLANG_ENABLE_OBJC_ARC = YES;
				CLANG_WARN_BOOL_CONVERSION = YES;
				CLANG_WARN_CONSTANT_CONVERSION = YES;
				CLANG_WARN_DIRECT_OBJC_ISA_USAGE = YES_ERROR;
				CLANG_WARN_DOCUMENTATION_COMMENTS = YES;
				CLANG_WARN_EMPTY_BODY = YES;
				CLANG_WARN_ENUM_CONVERSION = YES;
				CLANG_WARN_INFINITE_RECURSION = YES;
				CLANG_WARN_INT_CONVERSION = YES;
				CLANG_WARN_OBJC_ROOT_CLASS = YES_ERROR;
				CLANG_WARN_SUSPICIOUS_MOVE = YES;
				CLANG_WARN_UNREACHABLE_CODE = YES;
				CLANG_WARN__DUPLICATE_METHOD_MATCH = YES;
				"CODE_SIGN_IDENTITY[sdk=iphoneos*]" = "iPhone Developer";
				COPY_PHASE_STRIP = NO;
				DEBUG_INFORMATION_FORMAT = dwarf;
				ENABLE_STRICT_OBJC_MSGSEND = YES;
				ENABLE_TESTABILITY = YES;
				GCC_C_LANGUAGE_STANDARD = gnu99;
				GCC_DYNAMIC_NO_PIC = NO;
				GCC_NO_COMMON_BLOCKS = YES;
				GCC_OPTIMIZATION_LEVEL = 0;
				GCC_PREPROCESSOR_DEFINITIONS = (
					"DEBUG=1",
					"$(inherited)",
				);
				GCC_WARN_64_TO_32_BIT_CONVERSION = YES;
				GCC_WARN_ABOUT_RETURN_TYPE = YES_ERROR;
				GCC_WARN_UNDECLARED_SELECTOR = YES;
				GCC_WARN_UNINITIALIZED_AUTOS = YES_AGGRESSIVE;
				GCC_WARN_UNUSED_FUNCTION = YES;
				GCC_WARN_UNUSED_VARIABLE = YES;
				IPHONEOS_DEPLOYMENT_TARGET = 10.3;
				MTL_ENABLE_DEBUG_INFO = YES;
				ONLY_ACTIVE_ARCH = YES;
				SDKROOT = iphoneos;
				SWIFT_ACTIVE_COMPILATION_CONDITIONS = DEBUG;
				SWIFT_OPTIMIZATION_LEVEL = "-Onone";
			};
			name = Debug;
		};
		20F4E3891EFB1A9D007C2D1F /* Release */ = {
			isa = XCBuildConfiguration;
			buildSettings = {
				ALWAYS_SEARCH_USER_PATHS = NO;
				CLANG_ANALYZER_NONNULL = YES;
				CLANG_ANALYZER_NUMBER_OBJECT_CONVERSION = YES_AGGRESSIVE;
				CLANG_CXX_LANGUAGE_STANDARD = "gnu++0x";
				CLANG_CXX_LIBRARY = "libc++";
				CLANG_ENABLE_MODULES = YES;
				CLANG_ENABLE_OBJC_ARC = YES;
				CLANG_WARN_BOOL_CONVERSION = YES;
				CLANG_WARN_CONSTANT_CONVERSION = YES;
				CLANG_WARN_DIRECT_OBJC_ISA_USAGE = YES_ERROR;
				CLANG_WARN_DOCUMENTATION_COMMENTS = YES;
				CLANG_WARN_EMPTY_BODY = YES;
				CLANG_WARN_ENUM_CONVERSION = YES;
				CLANG_WARN_INFINITE_RECURSION = YES;
				CLANG_WARN_INT_CONVERSION = YES;
				CLANG_WARN_OBJC_ROOT_CLASS = YES_ERROR;
				CLANG_WARN_SUSPICIOUS_MOVE = YES;
				CLANG_WARN_UNREACHABLE_CODE = YES;
				CLANG_WARN__DUPLICATE_METHOD_MATCH = YES;
				"CODE_SIGN_IDENTITY[sdk=iphoneos*]" = "iPhone Developer";
				COPY_PHASE_STRIP = NO;
				DEBUG_INFORMATION_FORMAT = "dwarf-with-dsym";
				ENABLE_NS_ASSERTIONS = NO;
				ENABLE_STRICT_OBJC_MSGSEND = YES;
				GCC_C_LANGUAGE_STANDARD = gnu99;
				GCC_NO_COMMON_BLOCKS = YES;
				GCC_WARN_64_TO_32_BIT_CONVERSION = YES;
				GCC_WARN_ABOUT_RETURN_TYPE = YES_ERROR;
				GCC_WARN_UNDECLARED_SELECTOR = YES;
				GCC_WARN_UNINITIALIZED_AUTOS = YES_AGGRESSIVE;
				GCC_WARN_UNUSED_FUNCTION = YES;
				GCC_WARN_UNUSED_VARIABLE = YES;
				IPHONEOS_DEPLOYMENT_TARGET = 10.3;
				MTL_ENABLE_DEBUG_INFO = NO;
				SDKROOT = iphoneos;
				SWIFT_OPTIMIZATION_LEVEL = "-Owholemodule";
				VALIDATE_PRODUCT = YES;
			};
			name = Release;
		};
		20F4E38B1EFB1A9D007C2D1F /* Debug */ = {
			isa = XCBuildConfiguration;
			baseConfigurationReference = 267124393918A604019AB2B5 /* Pods-Flix.debug.xcconfig */;
			buildSettings = {
				ASSETCATALOG_COMPILER_APPICON_NAME = AppIcon;
				INFOPLIST_FILE = Flix/Info.plist;
				LD_RUNPATH_SEARCH_PATHS = "$(inherited) @executable_path/Frameworks";
				PRODUCT_BUNDLE_IDENTIFIER = com.abreuboom.Flix;
				PRODUCT_NAME = "$(TARGET_NAME)";
				SWIFT_VERSION = 3.0;
			};
			name = Debug;
		};
		20F4E38C1EFB1A9D007C2D1F /* Release */ = {
			isa = XCBuildConfiguration;
			baseConfigurationReference = 33A11208A56F03891FA64CBD /* Pods-Flix.release.xcconfig */;
			buildSettings = {
				ASSETCATALOG_COMPILER_APPICON_NAME = AppIcon;
				INFOPLIST_FILE = Flix/Info.plist;
				LD_RUNPATH_SEARCH_PATHS = "$(inherited) @executable_path/Frameworks";
				PRODUCT_BUNDLE_IDENTIFIER = com.abreuboom.Flix;
				PRODUCT_NAME = "$(TARGET_NAME)";
				SWIFT_VERSION = 3.0;
			};
			name = Release;
		};
		20F4E38E1EFB1A9D007C2D1F /* Debug */ = {
			isa = XCBuildConfiguration;
			buildSettings = {
				ALWAYS_EMBED_SWIFT_STANDARD_LIBRARIES = YES;
				BUNDLE_LOADER = "$(TEST_HOST)";
				INFOPLIST_FILE = FlixTests/Info.plist;
				LD_RUNPATH_SEARCH_PATHS = "$(inherited) @executable_path/Frameworks @loader_path/Frameworks";
				PRODUCT_BUNDLE_IDENTIFIER = com.abreuboom.FlixTests;
				PRODUCT_NAME = "$(TARGET_NAME)";
				SWIFT_VERSION = 3.0;
				TEST_HOST = "$(BUILT_PRODUCTS_DIR)/Flix.app/Flix";
			};
			name = Debug;
		};
		20F4E38F1EFB1A9D007C2D1F /* Release */ = {
			isa = XCBuildConfiguration;
			buildSettings = {
				ALWAYS_EMBED_SWIFT_STANDARD_LIBRARIES = YES;
				BUNDLE_LOADER = "$(TEST_HOST)";
				INFOPLIST_FILE = FlixTests/Info.plist;
				LD_RUNPATH_SEARCH_PATHS = "$(inherited) @executable_path/Frameworks @loader_path/Frameworks";
				PRODUCT_BUNDLE_IDENTIFIER = com.abreuboom.FlixTests;
				PRODUCT_NAME = "$(TARGET_NAME)";
				SWIFT_VERSION = 3.0;
				TEST_HOST = "$(BUILT_PRODUCTS_DIR)/Flix.app/Flix";
			};
			name = Release;
		};
		20F4E3911EFB1A9D007C2D1F /* Debug */ = {
			isa = XCBuildConfiguration;
			buildSettings = {
				ALWAYS_EMBED_SWIFT_STANDARD_LIBRARIES = YES;
				INFOPLIST_FILE = FlixUITests/Info.plist;
				LD_RUNPATH_SEARCH_PATHS = "$(inherited) @executable_path/Frameworks @loader_path/Frameworks";
				PRODUCT_BUNDLE_IDENTIFIER = com.abreuboom.FlixUITests;
				PRODUCT_NAME = "$(TARGET_NAME)";
				SWIFT_VERSION = 3.0;
				TEST_TARGET_NAME = Flix;
			};
			name = Debug;
		};
		20F4E3921EFB1A9D007C2D1F /* Release */ = {
			isa = XCBuildConfiguration;
			buildSettings = {
				ALWAYS_EMBED_SWIFT_STANDARD_LIBRARIES = YES;
				INFOPLIST_FILE = FlixUITests/Info.plist;
				LD_RUNPATH_SEARCH_PATHS = "$(inherited) @executable_path/Frameworks @loader_path/Frameworks";
				PRODUCT_BUNDLE_IDENTIFIER = com.abreuboom.FlixUITests;
				PRODUCT_NAME = "$(TARGET_NAME)";
				SWIFT_VERSION = 3.0;
				TEST_TARGET_NAME = Flix;
			};
			name = Release;
		};
/* End XCBuildConfiguration section */

/* Begin XCConfigurationList section */
		20F4E35D1EFB1A9D007C2D1F /* Build configuration list for PBXProject "Flix" */ = {
			isa = XCConfigurationList;
			buildConfigurations = (
				20F4E3881EFB1A9D007C2D1F /* Debug */,
				20F4E3891EFB1A9D007C2D1F /* Release */,
			);
			defaultConfigurationIsVisible = 0;
			defaultConfigurationName = Release;
		};
		20F4E38A1EFB1A9D007C2D1F /* Build configuration list for PBXNativeTarget "Flix" */ = {
			isa = XCConfigurationList;
			buildConfigurations = (
				20F4E38B1EFB1A9D007C2D1F /* Debug */,
				20F4E38C1EFB1A9D007C2D1F /* Release */,
			);
			defaultConfigurationIsVisible = 0;
			defaultConfigurationName = Release;
		};
		20F4E38D1EFB1A9D007C2D1F /* Build configuration list for PBXNativeTarget "FlixTests" */ = {
			isa = XCConfigurationList;
			buildConfigurations = (
				20F4E38E1EFB1A9D007C2D1F /* Debug */,
				20F4E38F1EFB1A9D007C2D1F /* Release */,
			);
			defaultConfigurationIsVisible = 0;
			defaultConfigurationName = Release;
		};
		20F4E3901EFB1A9D007C2D1F /* Build configuration list for PBXNativeTarget "FlixUITests" */ = {
			isa = XCConfigurationList;
			buildConfigurations = (
				20F4E3911EFB1A9D007C2D1F /* Debug */,
				20F4E3921EFB1A9D007C2D1F /* Release */,
			);
			defaultConfigurationIsVisible = 0;
			defaultConfigurationName = Release;
		};
/* End XCConfigurationList section */
	};
	rootObject = 20F4E35A1EFB1A9D007C2D1F /* Project object */;
}
